
Microsoft Visual Studio Solution File, Format Version 12.00
# Visual Studio Version 17
VisualStudioVersion = 17.0.32112.339
MinimumVisualStudioVersion = 10.0.40219.1
Project("{9A19103F-16F7-4668-BE54-9A1E7A4F7556}") = "OddsCollector.Functions", "OddsCollector.Functions\OddsCollector.Functions.csproj", "{E00C0443-7186-44D9-B0A7-3426B8FC1AB6}"
EndProject
Project("{9A19103F-16F7-4668-BE54-9A1E7A4F7556}") = "OddsCollector.Functions.Tests", "OddsCollector.Functions.Tests\OddsCollector.Functions.Tests.csproj", "{A724B26F-C05E-4C65-A5C2-0B358E431E28}"
EndProject
Global
	GlobalSection(SolutionConfigurationPlatforms) = preSolution
		Debug|Any CPU = Debug|Any CPU
		Release|Any CPU = Release|Any CPU
	EndGlobalSection
	GlobalSection(ProjectConfigurationPlatforms) = postSolution
		{E00C0443-7186-44D9-B0A7-3426B8FC1AB6}.Debug|Any CPU.ActiveCfg = Debug|Any CPU
		{E00C0443-7186-44D9-B0A7-3426B8FC1AB6}.Debug|Any CPU.Build.0 = Debug|Any CPU
		{E00C0443-7186-44D9-B0A7-3426B8FC1AB6}.Release|Any CPU.ActiveCfg = Release|Any CPU
		{E00C0443-7186-44D9-B0A7-3426B8FC1AB6}.Release|Any CPU.Build.0 = Release|Any CPU
		{A724B26F-C05E-4C65-A5C2-0B358E431E28}.Debug|Any CPU.ActiveCfg = Debug|Any CPU
		{A724B26F-C05E-4C65-A5C2-0B358E431E28}.Debug|Any CPU.Build.0 = Debug|Any CPU
		{A724B26F-C05E-4C65-A5C2-0B358E431E28}.Release|Any CPU.ActiveCfg = Release|Any CPU
		{A724B26F-C05E-4C65-A5C2-0B358E431E28}.Release|Any CPU.Build.0 = Release|Any CPU
	EndGlobalSection
	GlobalSection(SolutionProperties) = preSolution
		HideSolutionNode = FALSE
	EndGlobalSection
	GlobalSection(ExtensibilityGlobals) = postSolution
		SolutionGuid = {594504B2-B1D3-4F9A-8496-A4FB1AD35F29}
	EndGlobalSection
EndGlobal
