<Solution>
  <Project Path="OddsCollector.Functions.IntegrationTests/OddsCollector.Functions.IntegrationTests.csproj" />
  <Project Path="OddsCollector.Functions.UnitTests/OddsCollector.Functions.UnitTests.csproj" />
  <Project Path="OddsCollector.Functions/OddsCollector.Functions.csproj" />
</Solution>
